
Microsoft Visual Studio Solution File, Format Version 12.00
# Visual Studio Version 17
VisualStudioVersion = 17.5.33424.131
MinimumVisualStudioVersion = 10.0.40219.1
Project("{FAE04EC0-301F-11D3-BF4B-00C04F79EFBC}") = "DiamanteDeLetras", "DiamanteDeLetras\DiamanteDeLetras.csproj", "{4E74485D-B61F-43C6-BBFC-2A7F073ACB93}"
EndProject
Global
	GlobalSection(SolutionConfigurationPlatforms) = preSolution
		Debug|Any CPU = Debug|Any CPU
		Release|Any CPU = Release|Any CPU
	EndGlobalSection
	GlobalSection(ProjectConfigurationPlatforms) = postSolution
		{4E74485D-B61F-43C6-BBFC-2A7F073ACB93}.Debug|Any CPU.ActiveCfg = Debug|Any CPU
		{4E74485D-B61F-43C6-BBFC-2A7F073ACB93}.Debug|Any CPU.Build.0 = Debug|Any CPU
		{4E74485D-B61F-43C6-BBFC-2A7F073ACB93}.Release|Any CPU.ActiveCfg = Release|Any CPU
		{4E74485D-B61F-43C6-BBFC-2A7F073ACB93}.Release|Any CPU.Build.0 = Release|Any CPU
	EndGlobalSection
	GlobalSection(SolutionProperties) = preSolution
		HideSolutionNode = FALSE
	EndGlobalSection
	GlobalSection(ExtensibilityGlobals) = postSolution
		SolutionGuid = {2C86B6D7-8FC4-4418-8B77-E13B7C61D7F5}
	EndGlobalSection
EndGlobal
